
Microsoft Visual Studio Solution File, Format Version 11.00
# Visual Studio 2010
Project("{FAE04EC0-301F-11D3-BF4B-00C04F79EFBC}") = "ChatFd", "ChatFd\ChatFd.csproj", "{96CA38E5-E606-4096-9F9F-53B5C7131BB6}"
EndProject
Global
	GlobalSection(SolutionConfigurationPlatforms) = preSolution
		Debug|x86 = Debug|x86
		Release|x86 = Release|x86
	EndGlobalSection
	GlobalSection(ProjectConfigurationPlatforms) = postSolution
		{96CA38E5-E606-4096-9F9F-53B5C7131BB6}.Debug|x86.ActiveCfg = Release|x86
		{96CA38E5-E606-4096-9F9F-53B5C7131BB6}.Debug|x86.Build.0 = Release|x86
		{96CA38E5-E606-4096-9F9F-53B5C7131BB6}.Release|x86.ActiveCfg = Release|x86
		{96CA38E5-E606-4096-9F9F-53B5C7131BB6}.Release|x86.Build.0 = Release|x86
	EndGlobalSection
	GlobalSection(SolutionProperties) = preSolution
		HideSolutionNode = FALSE
	EndGlobalSection
EndGlobal
